
Microsoft Visual Studio Solution File, Format Version 12.00
# Visual Studio 15
VisualStudioVersion = 15.0.28010.2036
MinimumVisualStudioVersion = 10.0.40219.1
Project("{E24C65DC-7377-472B-9ABA-BC803B73C61A}") = "Week4Lab", "Week4Lab\", "{708E4B21-B141-4984-B19D-19E9E4E273B5}"
	ProjectSection(WebsiteProperties) = preProject
		TargetFrameworkMoniker = ".NETFramework,Version%3Dv4.6.1"
		Debug.AspNetCompiler.VirtualPath = "/localhost_60418"
		Debug.AspNetCompiler.PhysicalPath = "Week4Lab\"
		Debug.AspNetCompiler.TargetPath = "PrecompiledWeb\localhost_60418\"
		Debug.AspNetCompiler.Updateable = "true"
		Debug.AspNetCompiler.ForceOverwrite = "true"
		Debug.AspNetCompiler.FixedNames = "false"
		Debug.AspNetCompiler.Debug = "True"
		Release.AspNetCompiler.VirtualPath = "/localhost_60418"
		Release.AspNetCompiler.PhysicalPath = "Week4Lab\"
		Release.AspNetCompiler.TargetPath = "PrecompiledWeb\localhost_60418\"
		Release.AspNetCompiler.Updateable = "true"
		Release.AspNetCompiler.ForceOverwrite = "true"
		Release.AspNetCompiler.FixedNames = "false"
		Release.AspNetCompiler.Debug = "False"
		VWDPort = "60418"
		SlnRelativePath = "Week4Lab\"
		DefaultWebSiteLanguage = "Visual C#"
	EndProjectSection
EndProject
Global
	GlobalSection(SolutionConfigurationPlatforms) = preSolution
		Debug|Any CPU = Debug|Any CPU
	EndGlobalSection
	GlobalSection(ProjectConfigurationPlatforms) = postSolution
		{708E4B21-B141-4984-B19D-19E9E4E273B5}.Debug|Any CPU.ActiveCfg = Debug|Any CPU
		{708E4B21-B141-4984-B19D-19E9E4E273B5}.Debug|Any CPU.Build.0 = Debug|Any CPU
	EndGlobalSection
	GlobalSection(SolutionProperties) = preSolution
		HideSolutionNode = FALSE
	EndGlobalSection
	GlobalSection(ExtensibilityGlobals) = postSolution
		SolutionGuid = {9CBF3071-C5F5-42BA-8788-F8165F305A60}
	EndGlobalSection
EndGlobal
