
Microsoft Visual Studio Solution File, Format Version 12.00
# Visual Studio 15
VisualStudioVersion = 15.0.28010.2036
MinimumVisualStudioVersion = 10.0.40219.1
Project("{E24C65DC-7377-472B-9ABA-BC803B73C61A}") = "Week5Lab", "Week5Lab\", "{AFA8FB2A-C8C1-44EC-A9F6-E35F9C2D353B}"
	ProjectSection(WebsiteProperties) = preProject
		TargetFrameworkMoniker = ".NETFramework,Version%3Dv4.6.1"
		Debug.AspNetCompiler.VirtualPath = "/localhost_61663"
		Debug.AspNetCompiler.PhysicalPath = "Week5Lab\"
		Debug.AspNetCompiler.TargetPath = "PrecompiledWeb\localhost_61663\"
		Debug.AspNetCompiler.Updateable = "true"
		Debug.AspNetCompiler.ForceOverwrite = "true"
		Debug.AspNetCompiler.FixedNames = "false"
		Debug.AspNetCompiler.Debug = "True"
		Release.AspNetCompiler.VirtualPath = "/localhost_61663"
		Release.AspNetCompiler.PhysicalPath = "Week5Lab\"
		Release.AspNetCompiler.TargetPath = "PrecompiledWeb\localhost_61663\"
		Release.AspNetCompiler.Updateable = "true"
		Release.AspNetCompiler.ForceOverwrite = "true"
		Release.AspNetCompiler.FixedNames = "false"
		Release.AspNetCompiler.Debug = "False"
		VWDPort = "61663"
		SlnRelativePath = "Week5Lab\"
		DefaultWebSiteLanguage = "Visual C#"
	EndProjectSection
EndProject
Global
	GlobalSection(SolutionConfigurationPlatforms) = preSolution
		Debug|Any CPU = Debug|Any CPU
	EndGlobalSection
	GlobalSection(ProjectConfigurationPlatforms) = postSolution
		{AFA8FB2A-C8C1-44EC-A9F6-E35F9C2D353B}.Debug|Any CPU.ActiveCfg = Debug|Any CPU
		{AFA8FB2A-C8C1-44EC-A9F6-E35F9C2D353B}.Debug|Any CPU.Build.0 = Debug|Any CPU
	EndGlobalSection
	GlobalSection(SolutionProperties) = preSolution
		HideSolutionNode = FALSE
	EndGlobalSection
	GlobalSection(ExtensibilityGlobals) = postSolution
		SolutionGuid = {63A5AF4B-D947-4FE7-B4BE-632F64F01489}
	EndGlobalSection
EndGlobal
