
Microsoft Visual Studio Solution File, Format Version 12.00
# Visual Studio 15
VisualStudioVersion = 15.0.27703.2042
MinimumVisualStudioVersion = 10.0.40219.1
Project("{E24C65DC-7377-472B-9ABA-BC803B73C61A}") = "Payroll System Web application", "Payroll System Web application\", "{BF416EC4-07F8-450B-840E-3D8765062DAF}"
	ProjectSection(WebsiteProperties) = preProject
		TargetFrameworkMoniker = ".NETFramework,Version%3Dv4.6.1"
		Debug.AspNetCompiler.VirtualPath = "/localhost_52470"
		Debug.AspNetCompiler.PhysicalPath = "Payroll System Web application\"
		Debug.AspNetCompiler.TargetPath = "PrecompiledWeb\localhost_52470\"
		Debug.AspNetCompiler.Updateable = "true"
		Debug.AspNetCompiler.ForceOverwrite = "true"
		Debug.AspNetCompiler.FixedNames = "false"
		Debug.AspNetCompiler.Debug = "True"
		Release.AspNetCompiler.VirtualPath = "/localhost_52470"
		Release.AspNetCompiler.PhysicalPath = "Payroll System Web application\"
		Release.AspNetCompiler.TargetPath = "PrecompiledWeb\localhost_52470\"
		Release.AspNetCompiler.Updateable = "true"
		Release.AspNetCompiler.ForceOverwrite = "true"
		Release.AspNetCompiler.FixedNames = "false"
		Release.AspNetCompiler.Debug = "False"
		VWDPort = "52470"
		SlnRelativePath = "Payroll System Web application\"
		DefaultWebSiteLanguage = "Visual C#"
	EndProjectSection
EndProject
Global
	GlobalSection(SolutionConfigurationPlatforms) = preSolution
		Debug|Any CPU = Debug|Any CPU
	EndGlobalSection
	GlobalSection(ProjectConfigurationPlatforms) = postSolution
		{BF416EC4-07F8-450B-840E-3D8765062DAF}.Debug|Any CPU.ActiveCfg = Debug|Any CPU
		{BF416EC4-07F8-450B-840E-3D8765062DAF}.Debug|Any CPU.Build.0 = Debug|Any CPU
	EndGlobalSection
	GlobalSection(SolutionProperties) = preSolution
		HideSolutionNode = FALSE
	EndGlobalSection
	GlobalSection(ExtensibilityGlobals) = postSolution
		SolutionGuid = {60DFDE45-66D2-4797-96C3-2C6381150AD4}
	EndGlobalSection
EndGlobal
