
Microsoft Visual Studio Solution File, Format Version 12.00
# Visual Studio 15
VisualStudioVersion = 15.0.27130.2036
MinimumVisualStudioVersion = 10.0.40219.1
Project("{8BC9CEB8-8B4A-11D0-8D11-00A0C91BC942}") = "snake_game", "snake_game\snake_game.vcxproj", "{753937D9-D258-48C2-AACF-7B923C61418A}"
EndProject
Global
	GlobalSection(SolutionConfigurationPlatforms) = preSolution
		Debug|x64 = Debug|x64
		Debug|x86 = Debug|x86
		Release|x64 = Release|x64
		Release|x86 = Release|x86
	EndGlobalSection
	GlobalSection(ProjectConfigurationPlatforms) = postSolution
		{753937D9-D258-48C2-AACF-7B923C61418A}.Debug|x64.ActiveCfg = Debug|x64
		{753937D9-D258-48C2-AACF-7B923C61418A}.Debug|x64.Build.0 = Debug|x64
		{753937D9-D258-48C2-AACF-7B923C61418A}.Debug|x86.ActiveCfg = Debug|Win32
		{753937D9-D258-48C2-AACF-7B923C61418A}.Debug|x86.Build.0 = Debug|Win32
		{753937D9-D258-48C2-AACF-7B923C61418A}.Release|x64.ActiveCfg = Release|x64
		{753937D9-D258-48C2-AACF-7B923C61418A}.Release|x64.Build.0 = Release|x64
		{753937D9-D258-48C2-AACF-7B923C61418A}.Release|x86.ActiveCfg = Release|Win32
		{753937D9-D258-48C2-AACF-7B923C61418A}.Release|x86.Build.0 = Release|Win32
	EndGlobalSection
	GlobalSection(SolutionProperties) = preSolution
		HideSolutionNode = FALSE
	EndGlobalSection
	GlobalSection(ExtensibilityGlobals) = postSolution
		SolutionGuid = {B648D5CA-13C7-412C-81F9-6B0927C2CD2B}
	EndGlobalSection
EndGlobal
