
Microsoft Visual Studio Solution File, Format Version 12.00
# Visual Studio 15
VisualStudioVersion = 15.0.27703.2047
MinimumVisualStudioVersion = 10.0.40219.1
Project("{E24C65DC-7377-472B-9ABA-BC803B73C61A}") = "Week1Lab", "Week1Lab\", "{4B9AC4AD-1FF6-49D1-8E8E-9AA3A0AFD1C8}"
	ProjectSection(WebsiteProperties) = preProject
		TargetFrameworkMoniker = ".NETFramework,Version%3Dv4.6.1"
		Debug.AspNetCompiler.VirtualPath = "/localhost_55955"
		Debug.AspNetCompiler.PhysicalPath = "Week1Lab\"
		Debug.AspNetCompiler.TargetPath = "PrecompiledWeb\localhost_55955\"
		Debug.AspNetCompiler.Updateable = "true"
		Debug.AspNetCompiler.ForceOverwrite = "true"
		Debug.AspNetCompiler.FixedNames = "false"
		Debug.AspNetCompiler.Debug = "True"
		Release.AspNetCompiler.VirtualPath = "/localhost_55955"
		Release.AspNetCompiler.PhysicalPath = "Week1Lab\"
		Release.AspNetCompiler.TargetPath = "PrecompiledWeb\localhost_55955\"
		Release.AspNetCompiler.Updateable = "true"
		Release.AspNetCompiler.ForceOverwrite = "true"
		Release.AspNetCompiler.FixedNames = "false"
		Release.AspNetCompiler.Debug = "False"
		VWDPort = "55955"
		SlnRelativePath = "Week1Lab\"
		DefaultWebSiteLanguage = "Visual C#"
	EndProjectSection
EndProject
Global
	GlobalSection(SolutionConfigurationPlatforms) = preSolution
		Debug|Any CPU = Debug|Any CPU
	EndGlobalSection
	GlobalSection(ProjectConfigurationPlatforms) = postSolution
		{4B9AC4AD-1FF6-49D1-8E8E-9AA3A0AFD1C8}.Debug|Any CPU.ActiveCfg = Debug|Any CPU
		{4B9AC4AD-1FF6-49D1-8E8E-9AA3A0AFD1C8}.Debug|Any CPU.Build.0 = Debug|Any CPU
	EndGlobalSection
	GlobalSection(SolutionProperties) = preSolution
		HideSolutionNode = FALSE
	EndGlobalSection
	GlobalSection(ExtensibilityGlobals) = postSolution
		SolutionGuid = {D298C031-48A3-447D-9936-23ED4AA56757}
	EndGlobalSection
EndGlobal
