
Microsoft Visual Studio Solution File, Format Version 12.00
# Visual Studio 15
VisualStudioVersion = 15.0.27428.2005
MinimumVisualStudioVersion = 10.0.40219.1
Project("{8BC9CEB8-8B4A-11D0-8D11-00A0C91BC942}") = "CIS170C_week_5_lab", "CIS170C_week_5_lab\CIS170C_week_5_lab.vcxproj", "{ABC18BD7-3694-4FF7-A56E-CECEB8A66955}"
EndProject
Global
	GlobalSection(SolutionConfigurationPlatforms) = preSolution
		Debug|x64 = Debug|x64
		Debug|x86 = Debug|x86
		Release|x64 = Release|x64
		Release|x86 = Release|x86
	EndGlobalSection
	GlobalSection(ProjectConfigurationPlatforms) = postSolution
		{ABC18BD7-3694-4FF7-A56E-CECEB8A66955}.Debug|x64.ActiveCfg = Debug|x64
		{ABC18BD7-3694-4FF7-A56E-CECEB8A66955}.Debug|x64.Build.0 = Debug|x64
		{ABC18BD7-3694-4FF7-A56E-CECEB8A66955}.Debug|x86.ActiveCfg = Debug|Win32
		{ABC18BD7-3694-4FF7-A56E-CECEB8A66955}.Debug|x86.Build.0 = Debug|Win32
		{ABC18BD7-3694-4FF7-A56E-CECEB8A66955}.Release|x64.ActiveCfg = Release|x64
		{ABC18BD7-3694-4FF7-A56E-CECEB8A66955}.Release|x64.Build.0 = Release|x64
		{ABC18BD7-3694-4FF7-A56E-CECEB8A66955}.Release|x86.ActiveCfg = Release|Win32
		{ABC18BD7-3694-4FF7-A56E-CECEB8A66955}.Release|x86.Build.0 = Release|Win32
	EndGlobalSection
	GlobalSection(SolutionProperties) = preSolution
		HideSolutionNode = FALSE
	EndGlobalSection
	GlobalSection(ExtensibilityGlobals) = postSolution
		SolutionGuid = {B40ED6E9-0FCE-4254-939E-E27302EA6FBA}
	EndGlobalSection
EndGlobal
